
Microsoft Visual Studio Solution File, Format Version 12.00
# Visual Studio 14
VisualStudioVersion = 14.0.25123.0
MinimumVisualStudioVersion = 10.0.40219.1
Project("{FAE04EC0-301F-11D3-BF4B-00C04F79EFBC}") = "CnSharp.VisualStudio.Extensions", "CnSharp.VS.Extensions.Common\CnSharp.VisualStudio.Extensions.csproj", "{1822955C-BE64-4D5A-B7E0-E8B0DFF69842}"
EndProject
Project("{FAE04EC0-301F-11D3-BF4B-00C04F79EFBC}") = "CnSharp.VisualStudio.SourceControl.Tfs", "SourceControl\Tfs\CnSharp.VisualStudio.SourceControl.Tfs.csproj", "{4539150B-4B74-44B8-B8F5-63227FEA6ED2}"
EndProject
Global
	GlobalSection(SolutionConfigurationPlatforms) = preSolution
		Debug|Any CPU = Debug|Any CPU
		Release|Any CPU = Release|Any CPU
	EndGlobalSection
	GlobalSection(ProjectConfigurationPlatforms) = postSolution
		{1822955C-BE64-4D5A-B7E0-E8B0DFF69842}.Debug|Any CPU.ActiveCfg = Debug|Any CPU
		{1822955C-BE64-4D5A-B7E0-E8B0DFF69842}.Debug|Any CPU.Build.0 = Debug|Any CPU
		{1822955C-BE64-4D5A-B7E0-E8B0DFF69842}.Release|Any CPU.ActiveCfg = Release|Any CPU
		{1822955C-BE64-4D5A-B7E0-E8B0DFF69842}.Release|Any CPU.Build.0 = Release|Any CPU
		{4539150B-4B74-44B8-B8F5-63227FEA6ED2}.Debug|Any CPU.ActiveCfg = Debug|Any CPU
		{4539150B-4B74-44B8-B8F5-63227FEA6ED2}.Debug|Any CPU.Build.0 = Debug|Any CPU
		{4539150B-4B74-44B8-B8F5-63227FEA6ED2}.Release|Any CPU.ActiveCfg = Release|Any CPU
		{4539150B-4B74-44B8-B8F5-63227FEA6ED2}.Release|Any CPU.Build.0 = Release|Any CPU
	EndGlobalSection
	GlobalSection(SolutionProperties) = preSolution
		HideSolutionNode = FALSE
	EndGlobalSection
EndGlobal
